{
  "nodes": {
    "home-manager": {
      "inputs": {
        "nixpkgs": [
          "nixpkgs"
        ]
      },
      "locked": {
        "lastModified": 1720042825,
        "narHash": "sha256-A0vrUB6x82/jvf17qPCpxaM+ulJnD8YZwH9Ci0BsAzE=",
        "owner": "nix-community",
        "repo": "home-manager",
        "rev": "e1391fb22e18a36f57e6999c7a9f966dc80ac073",
        "type": "github"
      },
      "original": {
        "owner": "nix-community",
        "ref": "release-24.05",
        "repo": "home-manager",
        "type": "github"
      }
    },
    "nixpkgs": {
      "locked": {
        "lastModified": 1724098845,
        "narHash": "sha256-D5HwjQw/02fuXbR4LCTo64koglP2j99hkDR79/3yLOE=",
        "owner": "nixos",
        "repo": "nixpkgs",
        "rev": "f1bad50880bae73ff2d82fafc22010b4fc097a9c",
        "type": "github"
      },
      "original": {
        "owner": "nixos",
        "ref": "nixos-24.05",
        "repo": "nixpkgs",
        "type": "github"
      }
    },
    "nixpkgs-unstable": {
      "locked": {
        "lastModified": 1724208548,
        "narHash": "sha256-8Aiur5lv2L8o9ErxHqS2F293MHiHCoRG8C4vCwhkeXo=",
        "owner": "nixos",
        "repo": "nixpkgs",
        "rev": "4c30668e1edb7348169407f218fa7c71a94b17f3",
        "type": "github"
      },
      "original": {
        "owner": "nixos",
        "ref": "nixpkgs-unstable",
        "repo": "nixpkgs",
        "type": "github"
      }
    },
    "nixpkgs-zathura": {
      "locked": {
        "lastModified": 1708814358,
        "narHash": "sha256-mYJwTy2TNTOXbxVtmhXDv98F2ORhxRzL1S6yw1+1G20=",
        "owner": "nixos",
        "repo": "nixpkgs",
        "rev": "336eda0d07dc5e2be1f923990ad9fdb6bc8e28e3",
        "type": "github"
      },
      "original": {
        "owner": "nixos",
        "repo": "nixpkgs",
        "rev": "336eda0d07dc5e2be1f923990ad9fdb6bc8e28e3",
        "type": "github"
      }
    },
    "root": {
      "inputs": {
        "home-manager": "home-manager",
        "nixpkgs": "nixpkgs",
        "nixpkgs-unstable": "nixpkgs-unstable",
        "nixpkgs-zathura": "nixpkgs-zathura",
        "sddm-sugar-candy-nix": "sddm-sugar-candy-nix"
      }
    },
    "sddm-sugar-candy-nix": {
      "inputs": {
        "nixpkgs": [
          "nixpkgs"
        ]
      },
      "locked": {
        "lastModified": 1722593422,
        "narHash": "sha256-uZTuVWQEnfmcZj9QEEFCh0lMuCJULXQSurLTC/9tRgY=",
        "owner": "Zhaith-Izaliel",
        "repo": "sddm-sugar-candy-nix",
        "rev": "35d6fdb4eed20d682e992ae3c6095427e89c2b74",
        "type": "gitlab"
      },
      "original": {
        "owner": "Zhaith-Izaliel",
        "repo": "sddm-sugar-candy-nix",
        "type": "gitlab"
      }
    }
  },
  "root": "root",
  "version": 7
}
